
Microsoft Visual Studio Solution File, Format Version 12.00
# Visual Studio Version 17
VisualStudioVersion = 17.8.34511.84
MinimumVisualStudioVersion = 10.0.40219.1
Project("{FAE04EC0-301F-11D3-BF4B-00C04F79EFBC}") = "DeviceRegistry", "DeviceRegistry.csproj", "{D26139D0-A607-4339-9304-2D5887FA7B13}"
EndProject
Global
	GlobalSection(SolutionConfigurationPlatforms) = preSolution
		Debug|Any CPU = Debug|Any CPU
		Release|Any CPU = Release|Any CPU
	EndGlobalSection
	GlobalSection(ProjectConfigurationPlatforms) = postSolution
		{D26139D0-A607-4339-9304-2D5887FA7B13}.Debug|Any CPU.ActiveCfg = Debug|Any CPU
		{D26139D0-A607-4339-9304-2D5887FA7B13}.Debug|Any CPU.Build.0 = Debug|Any CPU
		{D26139D0-A607-4339-9304-2D5887FA7B13}.Release|Any CPU.ActiveCfg = Release|Any CPU
		{D26139D0-A607-4339-9304-2D5887FA7B13}.Release|Any CPU.Build.0 = Release|Any CPU
	EndGlobalSection
	GlobalSection(SolutionProperties) = preSolution
		HideSolutionNode = FALSE
	EndGlobalSection
	GlobalSection(ExtensibilityGlobals) = postSolution
		SolutionGuid = {3C43E088-72AA-4C95-BBBA-510EB9889623}
	EndGlobalSection
EndGlobal
